
Microsoft Visual Studio Solution File, Format Version 12.00
# Visual Studio 15
VisualStudioVersion = 15.0.28307.1022
MinimumVisualStudioVersion = 10.0.40219.1
Project("{FAE04EC0-301F-11D3-BF4B-00C04F79EFBC}") = "KR", "KR.csproj", "{C6297D9C-1FE4-4636-AF9E-56BE44F52876}"
EndProject
Global
	GlobalSection(SolutionConfigurationPlatforms) = preSolution
		Debug|Any CPU = Debug|Any CPU
		Release|Any CPU = Release|Any CPU
	EndGlobalSection
	GlobalSection(ProjectConfigurationPlatforms) = postSolution
		{C6297D9C-1FE4-4636-AF9E-56BE44F52876}.Debug|Any CPU.ActiveCfg = Debug|Any CPU
		{C6297D9C-1FE4-4636-AF9E-56BE44F52876}.Debug|Any CPU.Build.0 = Debug|Any CPU
		{C6297D9C-1FE4-4636-AF9E-56BE44F52876}.Release|Any CPU.ActiveCfg = Release|Any CPU
		{C6297D9C-1FE4-4636-AF9E-56BE44F52876}.Release|Any CPU.Build.0 = Release|Any CPU
	EndGlobalSection
	GlobalSection(SolutionProperties) = preSolution
		HideSolutionNode = FALSE
	EndGlobalSection
	GlobalSection(ExtensibilityGlobals) = postSolution
		SolutionGuid = {7F47DD06-DAA0-4795-A26A-A555FBBAF81D}
	EndGlobalSection
EndGlobal
