
Microsoft Visual Studio Solution File, Format Version 12.00
# Visual Studio 15
VisualStudioVersion = 15.0.28307.1022
MinimumVisualStudioVersion = 10.0.40219.1
Project("{FAE04EC0-301F-11D3-BF4B-00C04F79EFBC}") = "TwoWayList", "TwoWayList.csproj", "{84560DA7-98F0-4EF0-A789-4BC3E393A63B}"
EndProject
Global
	GlobalSection(SolutionConfigurationPlatforms) = preSolution
		Debug|Any CPU = Debug|Any CPU
		Release|Any CPU = Release|Any CPU
	EndGlobalSection
	GlobalSection(ProjectConfigurationPlatforms) = postSolution
		{84560DA7-98F0-4EF0-A789-4BC3E393A63B}.Debug|Any CPU.ActiveCfg = Debug|Any CPU
		{84560DA7-98F0-4EF0-A789-4BC3E393A63B}.Debug|Any CPU.Build.0 = Debug|Any CPU
		{84560DA7-98F0-4EF0-A789-4BC3E393A63B}.Release|Any CPU.ActiveCfg = Release|Any CPU
		{84560DA7-98F0-4EF0-A789-4BC3E393A63B}.Release|Any CPU.Build.0 = Release|Any CPU
	EndGlobalSection
	GlobalSection(SolutionProperties) = preSolution
		HideSolutionNode = FALSE
	EndGlobalSection
	GlobalSection(ExtensibilityGlobals) = postSolution
		SolutionGuid = {F6DB4DF9-C2E9-4A7B-8F76-20B3BAA4774B}
	EndGlobalSection
EndGlobal
