
Microsoft Visual Studio Solution File, Format Version 12.00
# Visual Studio 15
VisualStudioVersion = 15.0.28307.1022
MinimumVisualStudioVersion = 10.0.40219.1
Project("{FAE04EC0-301F-11D3-BF4B-00C04F79EFBC}") = "KMP", "KMP.csproj", "{C3CFD21D-F6E9-4D8C-A46A-C495DDA4E5FD}"
EndProject
Global
	GlobalSection(SolutionConfigurationPlatforms) = preSolution
		Debug|Any CPU = Debug|Any CPU
		Release|Any CPU = Release|Any CPU
	EndGlobalSection
	GlobalSection(ProjectConfigurationPlatforms) = postSolution
		{C3CFD21D-F6E9-4D8C-A46A-C495DDA4E5FD}.Debug|Any CPU.ActiveCfg = Debug|Any CPU
		{C3CFD21D-F6E9-4D8C-A46A-C495DDA4E5FD}.Debug|Any CPU.Build.0 = Debug|Any CPU
		{C3CFD21D-F6E9-4D8C-A46A-C495DDA4E5FD}.Release|Any CPU.ActiveCfg = Release|Any CPU
		{C3CFD21D-F6E9-4D8C-A46A-C495DDA4E5FD}.Release|Any CPU.Build.0 = Release|Any CPU
	EndGlobalSection
	GlobalSection(SolutionProperties) = preSolution
		HideSolutionNode = FALSE
	EndGlobalSection
	GlobalSection(ExtensibilityGlobals) = postSolution
		SolutionGuid = {34D7665E-C9D7-4629-A03E-28B9DAEF803C}
	EndGlobalSection
EndGlobal
